
Microsoft Visual Studio Solution File, Format Version 12.00
Project("{2150E333-8FDC-42A3-9474-1A3956D46DE8}") = "Infrastructure", "Infrastructure", "{70933F76-7681-49C4-83B6-7A8DC6E87E20}"
EndProject
Project("{2150E333-8FDC-42A3-9474-1A3956D46DE8}") = "src", "src", "{B0731EBD-378A-49F7-A17F-771E6429B92F}"
EndProject
Project("{2150E333-8FDC-42A3-9474-1A3956D46DE8}") = "Services", "Services", "{FF9D92F0-10C8-425E-856B-01D7D58534F3}"
EndProject
Project("{2150E333-8FDC-42A3-9474-1A3956D46DE8}") = "Content", "Content", "{3D1BCAB2-8B17-4F02-97A3-5F2CC7BFC637}"
EndProject
Project("{FAE04EC0-301F-11D3-BF4B-00C04F79EFBC}") = "Content.Domain", "src\Services\Content\Content.Domain\Content.Domain.csproj", "{EC40AEE8-85ED-42B2-AC88-E476F7AFC5D4}"
EndProject
Project("{FAE04EC0-301F-11D3-BF4B-00C04F79EFBC}") = "Content.Application", "src\Services\Content\Content.Application\Content.Application.csproj", "{394DA975-F748-4067-A465-1567573C3BC0}"
EndProject
Project("{FAE04EC0-301F-11D3-BF4B-00C04F79EFBC}") = "Content.Infrastructure", "src\Services\Content\Content.Infrastructure\Content.Infrastructure.csproj", "{D150E3B8-5184-4513-9018-99279214AD4C}"
EndProject
Project("{FAE04EC0-301F-11D3-BF4B-00C04F79EFBC}") = "Content.API", "src\Services\Content\Content.API\Content.API.csproj", "{10A56705-8498-4D35-9D8D-653FC44863FC}"
EndProject
Project("{FAE04EC0-301F-11D3-BF4B-00C04F79EFBC}") = "Identity", "Infrastructure\Identity\Identity.csproj", "{EF4C7D89-3FBE-405C-A041-D390E94A3049}"
EndProject
Project("{2150E333-8FDC-42A3-9474-1A3956D46DE8}") = "Clients", "Clients", "{A72BE3B5-C3E6-4311-8BC6-E13B85796777}"
EndProject
Project("{FAE04EC0-301F-11D3-BF4B-00C04F79EFBC}") = "AdminPanel", "Clients\AdminPanel\AdminPanel.csproj", "{7475CA27-6AF9-4289-B6B1-E07DA053A100}"
EndProject
Global
	GlobalSection(SolutionConfigurationPlatforms) = preSolution
		Debug|Any CPU = Debug|Any CPU
		Release|Any CPU = Release|Any CPU
	EndGlobalSection
	GlobalSection(NestedProjects) = preSolution
		{FF9D92F0-10C8-425E-856B-01D7D58534F3} = {B0731EBD-378A-49F7-A17F-771E6429B92F}
		{3D1BCAB2-8B17-4F02-97A3-5F2CC7BFC637} = {FF9D92F0-10C8-425E-856B-01D7D58534F3}
		{EC40AEE8-85ED-42B2-AC88-E476F7AFC5D4} = {3D1BCAB2-8B17-4F02-97A3-5F2CC7BFC637}
		{394DA975-F748-4067-A465-1567573C3BC0} = {3D1BCAB2-8B17-4F02-97A3-5F2CC7BFC637}
		{D150E3B8-5184-4513-9018-99279214AD4C} = {3D1BCAB2-8B17-4F02-97A3-5F2CC7BFC637}
		{10A56705-8498-4D35-9D8D-653FC44863FC} = {3D1BCAB2-8B17-4F02-97A3-5F2CC7BFC637}
		{EF4C7D89-3FBE-405C-A041-D390E94A3049} = {70933F76-7681-49C4-83B6-7A8DC6E87E20}
		{7475CA27-6AF9-4289-B6B1-E07DA053A100} = {A72BE3B5-C3E6-4311-8BC6-E13B85796777}
	EndGlobalSection
	GlobalSection(ProjectConfigurationPlatforms) = postSolution
		{EC40AEE8-85ED-42B2-AC88-E476F7AFC5D4}.Debug|Any CPU.ActiveCfg = Debug|Any CPU
		{EC40AEE8-85ED-42B2-AC88-E476F7AFC5D4}.Debug|Any CPU.Build.0 = Debug|Any CPU
		{EC40AEE8-85ED-42B2-AC88-E476F7AFC5D4}.Release|Any CPU.ActiveCfg = Release|Any CPU
		{EC40AEE8-85ED-42B2-AC88-E476F7AFC5D4}.Release|Any CPU.Build.0 = Release|Any CPU
		{394DA975-F748-4067-A465-1567573C3BC0}.Debug|Any CPU.ActiveCfg = Debug|Any CPU
		{394DA975-F748-4067-A465-1567573C3BC0}.Debug|Any CPU.Build.0 = Debug|Any CPU
		{394DA975-F748-4067-A465-1567573C3BC0}.Release|Any CPU.ActiveCfg = Release|Any CPU
		{394DA975-F748-4067-A465-1567573C3BC0}.Release|Any CPU.Build.0 = Release|Any CPU
		{D150E3B8-5184-4513-9018-99279214AD4C}.Debug|Any CPU.ActiveCfg = Debug|Any CPU
		{D150E3B8-5184-4513-9018-99279214AD4C}.Debug|Any CPU.Build.0 = Debug|Any CPU
		{D150E3B8-5184-4513-9018-99279214AD4C}.Release|Any CPU.ActiveCfg = Release|Any CPU
		{D150E3B8-5184-4513-9018-99279214AD4C}.Release|Any CPU.Build.0 = Release|Any CPU
		{10A56705-8498-4D35-9D8D-653FC44863FC}.Debug|Any CPU.ActiveCfg = Debug|Any CPU
		{10A56705-8498-4D35-9D8D-653FC44863FC}.Debug|Any CPU.Build.0 = Debug|Any CPU
		{10A56705-8498-4D35-9D8D-653FC44863FC}.Release|Any CPU.ActiveCfg = Release|Any CPU
		{10A56705-8498-4D35-9D8D-653FC44863FC}.Release|Any CPU.Build.0 = Release|Any CPU
		{EF4C7D89-3FBE-405C-A041-D390E94A3049}.Debug|Any CPU.ActiveCfg = Debug|Any CPU
		{EF4C7D89-3FBE-405C-A041-D390E94A3049}.Debug|Any CPU.Build.0 = Debug|Any CPU
		{EF4C7D89-3FBE-405C-A041-D390E94A3049}.Release|Any CPU.ActiveCfg = Release|Any CPU
		{EF4C7D89-3FBE-405C-A041-D390E94A3049}.Release|Any CPU.Build.0 = Release|Any CPU
		{7475CA27-6AF9-4289-B6B1-E07DA053A100}.Debug|Any CPU.ActiveCfg = Debug|Any CPU
		{7475CA27-6AF9-4289-B6B1-E07DA053A100}.Debug|Any CPU.Build.0 = Debug|Any CPU
		{7475CA27-6AF9-4289-B6B1-E07DA053A100}.Release|Any CPU.ActiveCfg = Release|Any CPU
		{7475CA27-6AF9-4289-B6B1-E07DA053A100}.Release|Any CPU.Build.0 = Release|Any CPU
	EndGlobalSection
EndGlobal
