
Microsoft Visual Studio Solution File, Format Version 12.00
Project("{2150E333-8FDC-42A3-9474-1A3956D46DE8}") = "Infrastructure", "Infrastructure", "{70933F76-7681-49C4-83B6-7A8DC6E87E20}"
EndProject
Project("{FAE04EC0-301F-11D3-BF4B-00C04F79EFBC}") = "Identity", "Infrastructure\Identity\Identity.csproj", "{2CB8F037-BEA8-44E9-BF0C-3C7E0A09FDEA}"
EndProject
Project("{2150E333-8FDC-42A3-9474-1A3956D46DE8}") = "src", "src", "{B0731EBD-378A-49F7-A17F-771E6429B92F}"
EndProject
Project("{2150E333-8FDC-42A3-9474-1A3956D46DE8}") = "Services", "Services", "{FF9D92F0-10C8-425E-856B-01D7D58534F3}"
EndProject
Project("{2150E333-8FDC-42A3-9474-1A3956D46DE8}") = "Content", "Content", "{3D1BCAB2-8B17-4F02-97A3-5F2CC7BFC637}"
EndProject
Project("{FAE04EC0-301F-11D3-BF4B-00C04F79EFBC}") = "Content.Domain", "src\Services\Content\Content.Domain\Content.Domain.csproj", "{EC40AEE8-85ED-42B2-AC88-E476F7AFC5D4}"
EndProject
Project("{FAE04EC0-301F-11D3-BF4B-00C04F79EFBC}") = "Content.Application", "src\Services\Content\Content.Application\Content.Application.csproj", "{394DA975-F748-4067-A465-1567573C3BC0}"
EndProject
Global
	GlobalSection(SolutionConfigurationPlatforms) = preSolution
		Debug|Any CPU = Debug|Any CPU
		Release|Any CPU = Release|Any CPU
	EndGlobalSection
	GlobalSection(NestedProjects) = preSolution
		{2CB8F037-BEA8-44E9-BF0C-3C7E0A09FDEA} = {70933F76-7681-49C4-83B6-7A8DC6E87E20}
		{FF9D92F0-10C8-425E-856B-01D7D58534F3} = {B0731EBD-378A-49F7-A17F-771E6429B92F}
		{3D1BCAB2-8B17-4F02-97A3-5F2CC7BFC637} = {FF9D92F0-10C8-425E-856B-01D7D58534F3}
		{EC40AEE8-85ED-42B2-AC88-E476F7AFC5D4} = {3D1BCAB2-8B17-4F02-97A3-5F2CC7BFC637}
		{394DA975-F748-4067-A465-1567573C3BC0} = {3D1BCAB2-8B17-4F02-97A3-5F2CC7BFC637}
	EndGlobalSection
	GlobalSection(ProjectConfigurationPlatforms) = postSolution
		{2CB8F037-BEA8-44E9-BF0C-3C7E0A09FDEA}.Debug|Any CPU.ActiveCfg = Debug|Any CPU
		{2CB8F037-BEA8-44E9-BF0C-3C7E0A09FDEA}.Debug|Any CPU.Build.0 = Debug|Any CPU
		{2CB8F037-BEA8-44E9-BF0C-3C7E0A09FDEA}.Release|Any CPU.ActiveCfg = Release|Any CPU
		{2CB8F037-BEA8-44E9-BF0C-3C7E0A09FDEA}.Release|Any CPU.Build.0 = Release|Any CPU
		{EC40AEE8-85ED-42B2-AC88-E476F7AFC5D4}.Debug|Any CPU.ActiveCfg = Debug|Any CPU
		{EC40AEE8-85ED-42B2-AC88-E476F7AFC5D4}.Debug|Any CPU.Build.0 = Debug|Any CPU
		{EC40AEE8-85ED-42B2-AC88-E476F7AFC5D4}.Release|Any CPU.ActiveCfg = Release|Any CPU
		{EC40AEE8-85ED-42B2-AC88-E476F7AFC5D4}.Release|Any CPU.Build.0 = Release|Any CPU
		{394DA975-F748-4067-A465-1567573C3BC0}.Debug|Any CPU.ActiveCfg = Debug|Any CPU
		{394DA975-F748-4067-A465-1567573C3BC0}.Debug|Any CPU.Build.0 = Debug|Any CPU
		{394DA975-F748-4067-A465-1567573C3BC0}.Release|Any CPU.ActiveCfg = Release|Any CPU
		{394DA975-F748-4067-A465-1567573C3BC0}.Release|Any CPU.Build.0 = Release|Any CPU
	EndGlobalSection
EndGlobal
