
Microsoft Visual Studio Solution File, Format Version 12.00
Project("{2150E333-8FDC-42A3-9474-1A3956D46DE8}") = "src", "src", "{B0731EBD-378A-49F7-A17F-771E6429B92F}"
EndProject
Project("{2150E333-8FDC-42A3-9474-1A3956D46DE8}") = "Services", "Services", "{FF9D92F0-10C8-425E-856B-01D7D58534F3}"
EndProject
Project("{2150E333-8FDC-42A3-9474-1A3956D46DE8}") = "Content", "Content", "{3D1BCAB2-8B17-4F02-97A3-5F2CC7BFC637}"
EndProject
Project("{FAE04EC0-301F-11D3-BF4B-00C04F79EFBC}") = "Content.Domain", "src\Services\Content\Content.Domain\Content.Domain.csproj", "{EC40AEE8-85ED-42B2-AC88-E476F7AFC5D4}"
EndProject
Project("{FAE04EC0-301F-11D3-BF4B-00C04F79EFBC}") = "Content.Application", "src\Services\Content\Content.Application\Content.Application.csproj", "{394DA975-F748-4067-A465-1567573C3BC0}"
EndProject
Project("{FAE04EC0-301F-11D3-BF4B-00C04F79EFBC}") = "Content.Infrastructure", "src\Services\Content\Content.Infrastructure\Content.Infrastructure.csproj", "{D150E3B8-5184-4513-9018-99279214AD4C}"
EndProject
Project("{FAE04EC0-301F-11D3-BF4B-00C04F79EFBC}") = "Content.API", "src\Services\Content\Content.API\Content.API.csproj", "{10A56705-8498-4D35-9D8D-653FC44863FC}"
EndProject
Project("{2150E333-8FDC-42A3-9474-1A3956D46DE8}") = "Clients", "Clients", "{EBCB1D2F-9663-4F18-BA96-C1435AC69CF1}"
EndProject
Project("{FAE04EC0-301F-11D3-BF4B-00C04F79EFBC}") = "AdminPanel", "Clients\AdminPanel\AdminPanel.csproj", "{D78C23EF-8E5F-4B8D-B6CF-B63161E1B0C3}"
EndProject
Project("{2150E333-8FDC-42A3-9474-1A3956D46DE8}") = "Identity", "Identity", "{29093B8C-E14E-4A3C-B9D5-7D4063F53AAE}"
EndProject
Project("{FAE04EC0-301F-11D3-BF4B-00C04F79EFBC}") = "Identity.Domain", "src\Services\Identity\Identity.Domain\Identity.Domain.csproj", "{82718943-F3E0-45E8-AE4C-192FC848F810}"
EndProject
Project("{2150E333-8FDC-42A3-9474-1A3956D46DE8}") = "Common", "Common", "{B9A144FC-67E1-47E4-872B-C0DC0CA57865}"
EndProject
Project("{FAE04EC0-301F-11D3-BF4B-00C04F79EFBC}") = "BlogPlatform.Service.Common", "src\Common\BlogPlatform.Service.Common\BlogPlatform.Service.Common.csproj", "{C20CBC91-3D7D-4408-8431-A5DCF508337E}"
EndProject
Project("{FAE04EC0-301F-11D3-BF4B-00C04F79EFBC}") = "Identity.Application", "src\Services\Identity\Identity.Application\Identity.Application.csproj", "{7DAF2744-DA74-4909-A6E8-DF553196977A}"
EndProject
Global
	GlobalSection(SolutionConfigurationPlatforms) = preSolution
		Debug|Any CPU = Debug|Any CPU
		Release|Any CPU = Release|Any CPU
	EndGlobalSection
	GlobalSection(NestedProjects) = preSolution
		{FF9D92F0-10C8-425E-856B-01D7D58534F3} = {B0731EBD-378A-49F7-A17F-771E6429B92F}
		{3D1BCAB2-8B17-4F02-97A3-5F2CC7BFC637} = {FF9D92F0-10C8-425E-856B-01D7D58534F3}
		{EC40AEE8-85ED-42B2-AC88-E476F7AFC5D4} = {3D1BCAB2-8B17-4F02-97A3-5F2CC7BFC637}
		{394DA975-F748-4067-A465-1567573C3BC0} = {3D1BCAB2-8B17-4F02-97A3-5F2CC7BFC637}
		{D150E3B8-5184-4513-9018-99279214AD4C} = {3D1BCAB2-8B17-4F02-97A3-5F2CC7BFC637}
		{10A56705-8498-4D35-9D8D-653FC44863FC} = {3D1BCAB2-8B17-4F02-97A3-5F2CC7BFC637}
		{D78C23EF-8E5F-4B8D-B6CF-B63161E1B0C3} = {EBCB1D2F-9663-4F18-BA96-C1435AC69CF1}
		{29093B8C-E14E-4A3C-B9D5-7D4063F53AAE} = {FF9D92F0-10C8-425E-856B-01D7D58534F3}
		{82718943-F3E0-45E8-AE4C-192FC848F810} = {29093B8C-E14E-4A3C-B9D5-7D4063F53AAE}
		{B9A144FC-67E1-47E4-872B-C0DC0CA57865} = {B0731EBD-378A-49F7-A17F-771E6429B92F}
		{C20CBC91-3D7D-4408-8431-A5DCF508337E} = {B9A144FC-67E1-47E4-872B-C0DC0CA57865}
		{7DAF2744-DA74-4909-A6E8-DF553196977A} = {29093B8C-E14E-4A3C-B9D5-7D4063F53AAE}
	EndGlobalSection
	GlobalSection(ProjectConfigurationPlatforms) = postSolution
		{EC40AEE8-85ED-42B2-AC88-E476F7AFC5D4}.Debug|Any CPU.ActiveCfg = Debug|Any CPU
		{EC40AEE8-85ED-42B2-AC88-E476F7AFC5D4}.Debug|Any CPU.Build.0 = Debug|Any CPU
		{EC40AEE8-85ED-42B2-AC88-E476F7AFC5D4}.Release|Any CPU.ActiveCfg = Release|Any CPU
		{EC40AEE8-85ED-42B2-AC88-E476F7AFC5D4}.Release|Any CPU.Build.0 = Release|Any CPU
		{394DA975-F748-4067-A465-1567573C3BC0}.Debug|Any CPU.ActiveCfg = Debug|Any CPU
		{394DA975-F748-4067-A465-1567573C3BC0}.Debug|Any CPU.Build.0 = Debug|Any CPU
		{394DA975-F748-4067-A465-1567573C3BC0}.Release|Any CPU.ActiveCfg = Release|Any CPU
		{394DA975-F748-4067-A465-1567573C3BC0}.Release|Any CPU.Build.0 = Release|Any CPU
		{D150E3B8-5184-4513-9018-99279214AD4C}.Debug|Any CPU.ActiveCfg = Debug|Any CPU
		{D150E3B8-5184-4513-9018-99279214AD4C}.Debug|Any CPU.Build.0 = Debug|Any CPU
		{D150E3B8-5184-4513-9018-99279214AD4C}.Release|Any CPU.ActiveCfg = Release|Any CPU
		{D150E3B8-5184-4513-9018-99279214AD4C}.Release|Any CPU.Build.0 = Release|Any CPU
		{10A56705-8498-4D35-9D8D-653FC44863FC}.Debug|Any CPU.ActiveCfg = Debug|Any CPU
		{10A56705-8498-4D35-9D8D-653FC44863FC}.Debug|Any CPU.Build.0 = Debug|Any CPU
		{10A56705-8498-4D35-9D8D-653FC44863FC}.Release|Any CPU.ActiveCfg = Release|Any CPU
		{10A56705-8498-4D35-9D8D-653FC44863FC}.Release|Any CPU.Build.0 = Release|Any CPU
		{D78C23EF-8E5F-4B8D-B6CF-B63161E1B0C3}.Debug|Any CPU.ActiveCfg = Debug|Any CPU
		{D78C23EF-8E5F-4B8D-B6CF-B63161E1B0C3}.Debug|Any CPU.Build.0 = Debug|Any CPU
		{D78C23EF-8E5F-4B8D-B6CF-B63161E1B0C3}.Release|Any CPU.ActiveCfg = Release|Any CPU
		{D78C23EF-8E5F-4B8D-B6CF-B63161E1B0C3}.Release|Any CPU.Build.0 = Release|Any CPU
		{82718943-F3E0-45E8-AE4C-192FC848F810}.Debug|Any CPU.ActiveCfg = Debug|Any CPU
		{82718943-F3E0-45E8-AE4C-192FC848F810}.Debug|Any CPU.Build.0 = Debug|Any CPU
		{82718943-F3E0-45E8-AE4C-192FC848F810}.Release|Any CPU.ActiveCfg = Release|Any CPU
		{82718943-F3E0-45E8-AE4C-192FC848F810}.Release|Any CPU.Build.0 = Release|Any CPU
		{C20CBC91-3D7D-4408-8431-A5DCF508337E}.Debug|Any CPU.ActiveCfg = Debug|Any CPU
		{C20CBC91-3D7D-4408-8431-A5DCF508337E}.Debug|Any CPU.Build.0 = Debug|Any CPU
		{C20CBC91-3D7D-4408-8431-A5DCF508337E}.Release|Any CPU.ActiveCfg = Release|Any CPU
		{C20CBC91-3D7D-4408-8431-A5DCF508337E}.Release|Any CPU.Build.0 = Release|Any CPU
		{7DAF2744-DA74-4909-A6E8-DF553196977A}.Debug|Any CPU.ActiveCfg = Debug|Any CPU
		{7DAF2744-DA74-4909-A6E8-DF553196977A}.Debug|Any CPU.Build.0 = Debug|Any CPU
		{7DAF2744-DA74-4909-A6E8-DF553196977A}.Release|Any CPU.ActiveCfg = Release|Any CPU
		{7DAF2744-DA74-4909-A6E8-DF553196977A}.Release|Any CPU.Build.0 = Release|Any CPU
	EndGlobalSection
EndGlobal
